// !$*UTF8*$!
{
	archiveVersion = 1;
	classes = {
	};
	objectVersion = 56;
	objects = {

/* Begin PBXBuildFile section */
		B84CD9642DCE15C600E900FF /* AppDelegate.swift in Sources */ = {isa = PBXBuildFile; fileRef = B84CD9632DCE15C600E900FF /* AppDelegate.swift */; };
		B84CD9682DCE15C600E900FF /* ViewController.swift in Sources */ = {isa = PBXBuildFile; fileRef = B84CD9672DCE15C600E900FF /* ViewController.swift */; };
		B84CD96B2DCE15C600E900FF /* Main.storyboard in Resources */ = {isa = PBXBuildFile; fileRef = B84CD9692DCE15C600E900FF /* Main.storyboard */; };
		B84CD96D2DCE15C900E900FF /* Assets.xcassets in Resources */ = {isa = PBXBuildFile; fileRef = B84CD96C2DCE15C900E900FF /* Assets.xcassets */; };
		B84CD9702DCE15C900E900FF /* LaunchScreen.storyboard in Resources */ = {isa = PBXBuildFile; fileRef = B84CD96E2DCE15C900E900FF /* LaunchScreen.storyboard */; };
		B84CD97B2DCE163600E900FF /* AlertManager.swift in Sources */ = {isa = PBXBuildFile; fileRef = B84CD9782DCE163600E900FF /* AlertManager.swift */; };
		B84CD97C2DCE163600E900FF /* AlertView.xib in Resources */ = {isa = PBXBuildFile; fileRef = B84CD9792DCE163600E900FF /* AlertView.xib */; };
		B84CD97D2DCE163600E900FF /* AlertView.swift in Sources */ = {isa = PBXBuildFile; fileRef = B84CD97A2DCE163600E900FF /* AlertView.swift */; };
/* End PBXBuildFile section */

/* Begin PBXFileReference section */
		B84CD9602DCE15C600E900FF /* StackingAlerts.app */ = {isa = PBXFileReference; explicitFileType = wrapper.application; includeInIndex = 0; path = StackingAlerts.app; sourceTree = BUILT_PRODUCTS_DIR; };
		B84CD9632DCE15C600E900FF /* AppDelegate.swift */ = {isa = PBXFileReference; lastKnownFileType = sourcecode.swift; path = AppDelegate.swift; sourceTree = "<group>"; };
		B84CD9672DCE15C600E900FF /* ViewController.swift */ = {isa = PBXFileReference; lastKnownFileType = sourcecode.swift; path = ViewController.swift; sourceTree = "<group>"; };
		B84CD96A2DCE15C600E900FF /* Base */ = {isa = PBXFileReference; lastKnownFileType = file.storyboard; name = Base; path = Base.lproj/Main.storyboard; sourceTree = "<group>"; };
		B84CD96C2DCE15C900E900FF /* Assets.xcassets */ = {isa = PBXFileReference; lastKnownFileType = folder.assetcatalog; path = Assets.xcassets; sourceTree = "<group>"; };
		B84CD96F2DCE15C900E900FF /* Base */ = {isa = PBXFileReference; lastKnownFileType = file.storyboard; name = Base; path = Base.lproj/LaunchScreen.storyboard; sourceTree = "<group>"; };
		B84CD9712DCE15C900E900FF /* Info.plist */ = {isa = PBXFileReference; lastKnownFileType = text.plist.xml; path = Info.plist; sourceTree = "<group>"; };
		B84CD9782DCE163600E900FF /* AlertManager.swift */ = {isa = PBXFileReference; fileEncoding = 4; lastKnownFileType = sourcecode.swift; path = AlertManager.swift; sourceTree = "<group>"; };
		B84CD9792DCE163600E900FF /* AlertView.xib */ = {isa = PBXFileReference; fileEncoding = 4; lastKnownFileType = file.xib; path = AlertView.xib; sourceTree = "<group>"; };
		B84CD97A2DCE163600E900FF /* AlertView.swift */ = {isa = PBXFileReference; fileEncoding = 4; lastKnownFileType = sourcecode.swift; path = AlertView.swift; sourceTree = "<group>"; };
/* End PBXFileReference section */

/* Begin PBXFrameworksBuildPhase section */
		B84CD95D2DCE15C600E900FF /* Frameworks */ = {
			isa = PBXFrameworksBuildPhase;
			buildActionMask = 2147483647;
			files = (
			);
			runOnlyForDeploymentPostprocessing = 0;
		};
/* End PBXFrameworksBuildPhase section */

/* Begin PBXGroup section */
		B84CD9572DCE15C600E900FF = {
			isa = PBXGroup;
			children = (
				B84CD9622DCE15C600E900FF /* StackingAlerts */,
				B84CD9612DCE15C600E900FF /* Products */,
			);
			sourceTree = "<group>";
		};
		B84CD9612DCE15C600E900FF /* Products */ = {
			isa = PBXGroup;
			children = (
				B84CD9602DCE15C600E900FF /* StackingAlerts.app */,
			);
			name = Products;
			sourceTree = "<group>";
		};
		B84CD9622DCE15C600E900FF /* StackingAlerts */ = {
			isa = PBXGroup;
			children = (
				B84CD9772DCE163600E900FF /* AlertStack */,
				B84CD9632DCE15C600E900FF /* AppDelegate.swift */,
				B84CD9672DCE15C600E900FF /* ViewController.swift */,
				B84CD9692DCE15C600E900FF /* Main.storyboard */,
				B84CD96C2DCE15C900E900FF /* Assets.xcassets */,
				B84CD96E2DCE15C900E900FF /* LaunchScreen.storyboard */,
				B84CD9712DCE15C900E900FF /* Info.plist */,
			);
			path = StackingAlerts;
			sourceTree = "<group>";
		};
		B84CD9772DCE163600E900FF /* AlertStack */ = {
			isa = PBXGroup;
			children = (
				B84CD9782DCE163600E900FF /* AlertManager.swift */,
				B84CD9792DCE163600E900FF /* AlertView.xib */,
				B84CD97A2DCE163600E900FF /* AlertView.swift */,
			);
			path = AlertStack;
			sourceTree = "<group>";
		};
/* End PBXGroup section */

/* Begin PBXNativeTarget section */
		B84CD95F2DCE15C600E900FF /* StackingAlerts */ = {
			isa = PBXNativeTarget;
			buildConfigurationList = B84CD9742DCE15C900E900FF /* Build configuration list for PBXNativeTarget "StackingAlerts" */;
			buildPhases = (
				B84CD95C2DCE15C600E900FF /* Sources */,
				B84CD95D2DCE15C600E900FF /* Frameworks */,
				B84CD95E2DCE15C600E900FF /* Resources */,
			);
			buildRules = (
			);
			dependencies = (
			);
			name = StackingAlerts;
			productName = StackingAlerts;
			productReference = B84CD9602DCE15C600E900FF /* StackingAlerts.app */;
			productType = "com.apple.product-type.application";
		};
/* End PBXNativeTarget section */

/* Begin PBXProject section */
		B84CD9582DCE15C600E900FF /* Project object */ = {
			isa = PBXProject;
			attributes = {
				BuildIndependentTargetsInParallel = 1;
				LastSwiftUpdateCheck = 1430;
				LastUpgradeCheck = 1430;
				TargetAttributes = {
					B84CD95F2DCE15C600E900FF = {
						CreatedOnToolsVersion = 14.3.1;
					};
				};
			};
			buildConfigurationList = B84CD95B2DCE15C600E900FF /* Build configuration list for PBXProject "StackingAlerts" */;
			compatibilityVersion = "Xcode 14.0";
			developmentRegion = en;
			hasScannedForEncodings = 0;
			knownRegions = (
				en,
				Base,
			);
			mainGroup = B84CD9572DCE15C600E900FF;
			productRefGroup = B84CD9612DCE15C600E900FF /* Products */;
			projectDirPath = "";
			projectRoot = "";
			targets = (
				B84CD95F2DCE15C600E900FF /* StackingAlerts */,
			);
		};
/* End PBXProject section */

/* Begin PBXResourcesBuildPhase section */
		B84CD95E2DCE15C600E900FF /* Resources */ = {
			isa = PBXResourcesBuildPhase;
			buildActionMask = 2147483647;
			files = (
				B84CD9702DCE15C900E900FF /* LaunchScreen.storyboard in Resources */,
				B84CD97C2DCE163600E900FF /* AlertView.xib in Resources */,
				B84CD96D2DCE15C900E900FF /* Assets.xcassets in Resources */,
				B84CD96B2DCE15C600E900FF /* Main.storyboard in Resources */,
			);
			runOnlyForDeploymentPostprocessing = 0;
		};
/* End PBXResourcesBuildPhase section */

/* Begin PBXSourcesBuildPhase section */
		B84CD95C2DCE15C600E900FF /* Sources */ = {
			isa = PBXSourcesBuildPhase;
			buildActionMask = 2147483647;
			files = (
				B84CD9682DCE15C600E900FF /* ViewController.swift in Sources */,
				B84CD97D2DCE163600E900FF /* AlertView.swift in Sources */,
				B84CD9642DCE15C600E900FF /* AppDelegate.swift in Sources */,
				B84CD97B2DCE163600E900FF /* AlertManager.swift in Sources */,
			);
			runOnlyForDeploymentPostprocessing = 0;
		};
/* End PBXSourcesBuildPhase section */

/* Begin PBXVariantGroup section */
		B84CD9692DCE15C600E900FF /* Main.storyboard */ = {
			isa = PBXVariantGroup;
			children = (
				B84CD96A2DCE15C600E900FF /* Base */,
			);
			name = Main.storyboard;
			sourceTree = "<group>";
		};
		B84CD96E2DCE15C900E900FF /* LaunchScreen.storyboard */ = {
			isa = PBXVariantGroup;
			children = (
				B84CD96F2DCE15C900E900FF /* Base */,
			);
			name = LaunchScreen.storyboard;
			sourceTree = "<group>";
		};
/* End PBXVariantGroup section */

/* Begin XCBuildConfiguration section */
		B84CD9722DCE15C900E900FF /* Debug */ = {
			isa = XCBuildConfiguration;
			buildSettings = {
				ALWAYS_SEARCH_USER_PATHS = NO;
				CLANG_ANALYZER_NONNULL = YES;
				CLANG_ANALYZER_NUMBER_OBJECT_CONVERSION = YES_AGGRESSIVE;
				CLANG_CXX_LANGUAGE_STANDARD = "gnu++20";
				CLANG_ENABLE_MODULES = YES;
				CLANG_ENABLE_OBJC_ARC = YES;
				CLANG_ENABLE_OBJC_WEAK = YES;
				CLANG_WARN_BLOCK_CAPTURE_AUTORELEASING = YES;
				CLANG_WARN_BOOL_CONVERSION = YES;
				CLANG_WARN_COMMA = YES;
				CLANG_WARN_CONSTANT_CONVERSION = YES;
				CLANG_WARN_DEPRECATED_OBJC_IMPLEMENTATIONS = YES;
				CLANG_WARN_DIRECT_OBJC_ISA_USAGE = YES_ERROR;
				CLANG_WARN_DOCUMENTATION_COMMENTS = YES;
				CLANG_WARN_EMPTY_BODY = YES;
				CLANG_WARN_ENUM_CONVERSION = YES;
				CLANG_WARN_INFINITE_RECURSION = YES;
				CLANG_WARN_INT_CONVERSION = YES;
				CLANG_WARN_NON_LITERAL_NULL_CONVERSION = YES;
				CLANG_WARN_OBJC_IMPLICIT_RETAIN_SELF = YES;
				CLANG_WARN_OBJC_LITERAL_CONVERSION = YES;
				CLANG_WARN_OBJC_ROOT_CLASS = YES_ERROR;
				CLANG_WARN_QUOTED_INCLUDE_IN_FRAMEWORK_HEADER = YES;
				CLANG_WARN_RANGE_LOOP_ANALYSIS = YES;
				CLANG_WARN_STRICT_PROTOTYPES = YES;
				CLANG_WARN_SUSPICIOUS_MOVE = YES;
				CLANG_WARN_UNGUARDED_AVAILABILITY = YES_AGGRESSIVE;
				CLANG_WARN_UNREACHABLE_CODE = YES;
				CLANG_WARN__DUPLICATE_METHOD_MATCH = YES;
				COPY_PHASE_STRIP = NO;
				DEBUG_INFORMATION_FORMAT = dwarf;
				ENABLE_STRICT_OBJC_MSGSEND = YES;
				ENABLE_TESTABILITY = YES;
				GCC_C_LANGUAGE_STANDARD = gnu11;
				GCC_DYNAMIC_NO_PIC = NO;
				GCC_NO_COMMON_BLOCKS = YES;
				GCC_OPTIMIZATION_LEVEL = 0;
				GCC_PREPROCESSOR_DEFINITIONS = (
					"DEBUG=1",
					"$(inherited)",
				);
				GCC_WARN_64_TO_32_BIT_CONVERSION = YES;
				GCC_WARN_ABOUT_RETURN_TYPE = YES_ERROR;
				GCC_WARN_UNDECLARED_SELECTOR = YES;
				GCC_WARN_UNINITIALIZED_AUTOS = YES_AGGRESSIVE;
				GCC_WARN_UNUSED_FUNCTION = YES;
				GCC_WARN_UNUSED_VARIABLE = YES;
				IPHONEOS_DEPLOYMENT_TARGET = 16.4;
				MTL_ENABLE_DEBUG_INFO = INCLUDE_SOURCE;
				MTL_FAST_MATH = YES;
				ONLY_ACTIVE_ARCH = YES;
				SDKROOT = iphoneos;
				SWIFT_ACTIVE_COMPILATION_CONDITIONS = DEBUG;
				SWIFT_OPTIMIZATION_LEVEL = "-Onone";
			};
			name = Debug;
		};
		B84CD9732DCE15C900E900FF /* Release */ = {
			isa = XCBuildConfiguration;
			buildSettings = {
				ALWAYS_SEARCH_USER_PATHS = NO;
				CLANG_ANALYZER_NONNULL = YES;
				CLANG_ANALYZER_NUMBER_OBJECT_CONVERSION = YES_AGGRESSIVE;
				CLANG_CXX_LANGUAGE_STANDARD = "gnu++20";
				CLANG_ENABLE_MODULES = YES;
				CLANG_ENABLE_OBJC_ARC = YES;
				CLANG_ENABLE_OBJC_WEAK = YES;
				CLANG_WARN_BLOCK_CAPTURE_AUTORELEASING = YES;
				CLANG_WARN_BOOL_CONVERSION = YES;
				CLANG_WARN_COMMA = YES;
				CLANG_WARN_CONSTANT_CONVERSION = YES;
				CLANG_WARN_DEPRECATED_OBJC_IMPLEMENTATIONS = YES;
				CLANG_WARN_DIRECT_OBJC_ISA_USAGE = YES_ERROR;
				CLANG_WARN_DOCUMENTATION_COMMENTS = YES;
				CLANG_WARN_EMPTY_BODY = YES;
				CLANG_WARN_ENUM_CONVERSION = YES;
				CLANG_WARN_INFINITE_RECURSION = YES;
				CLANG_WARN_INT_CONVERSION = YES;
				CLANG_WARN_NON_LITERAL_NULL_CONVERSION = YES;
				CLANG_WARN_OBJC_IMPLICIT_RETAIN_SELF = YES;
				CLANG_WARN_OBJC_LITERAL_CONVERSION = YES;
				CLANG_WARN_OBJC_ROOT_CLASS = YES_ERROR;
				CLANG_WARN_QUOTED_INCLUDE_IN_FRAMEWORK_HEADER = YES;
				CLANG_WARN_RANGE_LOOP_ANALYSIS = YES;
				CLANG_WARN_STRICT_PROTOTYPES = YES;
				CLANG_WARN_SUSPICIOUS_MOVE = YES;
				CLANG_WARN_UNGUARDED_AVAILABILITY = YES_AGGRESSIVE;
				CLANG_WARN_UNREACHABLE_CODE = YES;
				CLANG_WARN__DUPLICATE_METHOD_MATCH = YES;
				COPY_PHASE_STRIP = NO;
				DEBUG_INFORMATION_FORMAT = "dwarf-with-dsym";
				ENABLE_NS_ASSERTIONS = NO;
				ENABLE_STRICT_OBJC_MSGSEND = YES;
				GCC_C_LANGUAGE_STANDARD = gnu11;
				GCC_NO_COMMON_BLOCKS = YES;
				GCC_WARN_64_TO_32_BIT_CONVERSION = YES;
				GCC_WARN_ABOUT_RETURN_TYPE = YES_ERROR;
				GCC_WARN_UNDECLARED_SELECTOR = YES;
				GCC_WARN_UNINITIALIZED_AUTOS = YES_AGGRESSIVE;
				GCC_WARN_UNUSED_FUNCTION = YES;
				GCC_WARN_UNUSED_VARIABLE = YES;
				IPHONEOS_DEPLOYMENT_TARGET = 16.4;
				MTL_ENABLE_DEBUG_INFO = NO;
				MTL_FAST_MATH = YES;
				SDKROOT = iphoneos;
				SWIFT_COMPILATION_MODE = wholemodule;
				SWIFT_OPTIMIZATION_LEVEL = "-O";
				VALIDATE_PRODUCT = YES;
			};
			name = Release;
		};
		B84CD9752DCE15C900E900FF /* Debug */ = {
			isa = XCBuildConfiguration;
			buildSettings = {
				ASSETCATALOG_COMPILER_APPICON_NAME = AppIcon;
				ASSETCATALOG_COMPILER_GLOBAL_ACCENT_COLOR_NAME = AccentColor;
				CODE_SIGN_STYLE = Automatic;
				CURRENT_PROJECT_VERSION = 1;
				GENERATE_INFOPLIST_FILE = YES;
				INFOPLIST_FILE = StackingAlerts/Info.plist;
				INFOPLIST_KEY_UIApplicationSupportsIndirectInputEvents = YES;
				INFOPLIST_KEY_UILaunchStoryboardName = LaunchScreen;
				INFOPLIST_KEY_UIMainStoryboardFile = Main;
				INFOPLIST_KEY_UISupportedInterfaceOrientations_iPad = "UIInterfaceOrientationPortrait UIInterfaceOrientationPortraitUpsideDown UIInterfaceOrientationLandscapeLeft UIInterfaceOrientationLandscapeRight";
				INFOPLIST_KEY_UISupportedInterfaceOrientations_iPhone = "UIInterfaceOrientationPortrait UIInterfaceOrientationLandscapeLeft UIInterfaceOrientationLandscapeRight";
				LD_RUNPATH_SEARCH_PATHS = (
					"$(inherited)",
					"@executable_path/Frameworks",
				);
				MARKETING_VERSION = 1.0;
				PRODUCT_BUNDLE_IDENTIFIER = Swayam.StackingAlerts;
				PRODUCT_NAME = "$(TARGET_NAME)";
				SWIFT_EMIT_LOC_STRINGS = YES;
				SWIFT_VERSION = 5.0;
				TARGETED_DEVICE_FAMILY = "1,2";
			};
			name = Debug;
		};
		B84CD9762DCE15C900E900FF /* Release */ = {
			isa = XCBuildConfiguration;
			buildSettings = {
				ASSETCATALOG_COMPILER_APPICON_NAME = AppIcon;
				ASSETCATALOG_COMPILER_GLOBAL_ACCENT_COLOR_NAME = AccentColor;
				CODE_SIGN_STYLE = Automatic;
				CURRENT_PROJECT_VERSION = 1;
				GENERATE_INFOPLIST_FILE = YES;
				INFOPLIST_FILE = StackingAlerts/Info.plist;
				INFOPLIST_KEY_UIApplicationSupportsIndirectInputEvents = YES;
				INFOPLIST_KEY_UILaunchStoryboardName = LaunchScreen;
				INFOPLIST_KEY_UIMainStoryboardFile = Main;
				INFOPLIST_KEY_UISupportedInterfaceOrientations_iPad = "UIInterfaceOrientationPortrait UIInterfaceOrientationPortraitUpsideDown UIInterfaceOrientationLandscapeLeft UIInterfaceOrientationLandscapeRight";
				INFOPLIST_KEY_UISupportedInterfaceOrientations_iPhone = "UIInterfaceOrientationPortrait UIInterfaceOrientationLandscapeLeft UIInterfaceOrientationLandscapeRight";
				LD_RUNPATH_SEARCH_PATHS = (
					"$(inherited)",
					"@executable_path/Frameworks",
				);
				MARKETING_VERSION = 1.0;
				PRODUCT_BUNDLE_IDENTIFIER = Swayam.StackingAlerts;
				PRODUCT_NAME = "$(TARGET_NAME)";
				SWIFT_EMIT_LOC_STRINGS = YES;
				SWIFT_VERSION = 5.0;
				TARGETED_DEVICE_FAMILY = "1,2";
			};
			name = Release;
		};
/* End XCBuildConfiguration section */

/* Begin XCConfigurationList section */
		B84CD95B2DCE15C600E900FF /* Build configuration list for PBXProject "StackingAlerts" */ = {
			isa = XCConfigurationList;
			buildConfigurations = (
				B84CD9722DCE15C900E900FF /* Debug */,
				B84CD9732DCE15C900E900FF /* Release */,
			);
			defaultConfigurationIsVisible = 0;
			defaultConfigurationName = Release;
		};
		B84CD9742DCE15C900E900FF /* Build configuration list for PBXNativeTarget "StackingAlerts" */ = {
			isa = XCConfigurationList;
			buildConfigurations = (
				B84CD9752DCE15C900E900FF /* Debug */,
				B84CD9762DCE15C900E900FF /* Release */,
			);
			defaultConfigurationIsVisible = 0;
			defaultConfigurationName = Release;
		};
/* End XCConfigurationList section */
	};
	rootObject = B84CD9582DCE15C600E900FF /* Project object */;
}
